
Microsoft Visual Studio Solution File, Format Version 12.00
# Visual Studio Version 16
VisualStudioVersion = 16.0.31529.145
MinimumVisualStudioVersion = 10.0.40219.1
Project("{FAE04EC0-301F-11D3-BF4B-00C04F79EFBC}") = "E-HealthCareAPI", "E-HealthCareAPI.csproj", "{8107A869-4D25-459A-AA7B-83C9234F3FCF}"
EndProject
Global
	GlobalSection(SolutionConfigurationPlatforms) = preSolution
		Debug|Any CPU = Debug|Any CPU
		Release|Any CPU = Release|Any CPU
	EndGlobalSection
	GlobalSection(ProjectConfigurationPlatforms) = postSolution
		{8107A869-4D25-459A-AA7B-83C9234F3FCF}.Debug|Any CPU.ActiveCfg = Debug|Any CPU
		{8107A869-4D25-459A-AA7B-83C9234F3FCF}.Debug|Any CPU.Build.0 = Debug|Any CPU
		{8107A869-4D25-459A-AA7B-83C9234F3FCF}.Release|Any CPU.ActiveCfg = Release|Any CPU
		{8107A869-4D25-459A-AA7B-83C9234F3FCF}.Release|Any CPU.Build.0 = Release|Any CPU
	EndGlobalSection
	GlobalSection(SolutionProperties) = preSolution
		HideSolutionNode = FALSE
	EndGlobalSection
	GlobalSection(ExtensibilityGlobals) = postSolution
		SolutionGuid = {15BBBBE0-DC84-4587-A8DE-65B565425479}
	EndGlobalSection
EndGlobal
